
Microsoft Visual Studio Solution File, Format Version 12.00
# Visual Studio Version 17
VisualStudioVersion = 17.8.34511.84
MinimumVisualStudioVersion = 10.0.40219.1
Project("{9A19103F-16F7-4668-BE54-9A1E7A4F7556}") = "AOC", "AOC\AOC.csproj", "{28CC52E4-0B25-4B7F-84F0-5475EFAA05F9}"
EndProject
Project("{9A19103F-16F7-4668-BE54-9A1E7A4F7556}") = "AOC2", "AOC2\AOC2.csproj", "{8F67C579-F6CA-4664-A7F8-57CD2A627F70}"
EndProject
Project("{FAE04EC0-301F-11D3-BF4B-00C04F79EFBC}") = "AOC4", "AOC4\AOC4.csproj", "{AF68C817-CAF7-4089-99AD-68EC63C54243}"
EndProject
Global
	GlobalSection(SolutionConfigurationPlatforms) = preSolution
		Debug|Any CPU = Debug|Any CPU
		Release|Any CPU = Release|Any CPU
	EndGlobalSection
	GlobalSection(ProjectConfigurationPlatforms) = postSolution
		{28CC52E4-0B25-4B7F-84F0-5475EFAA05F9}.Debug|Any CPU.ActiveCfg = Debug|Any CPU
		{28CC52E4-0B25-4B7F-84F0-5475EFAA05F9}.Debug|Any CPU.Build.0 = Debug|Any CPU
		{28CC52E4-0B25-4B7F-84F0-5475EFAA05F9}.Release|Any CPU.ActiveCfg = Release|Any CPU
		{28CC52E4-0B25-4B7F-84F0-5475EFAA05F9}.Release|Any CPU.Build.0 = Release|Any CPU
		{8F67C579-F6CA-4664-A7F8-57CD2A627F70}.Debug|Any CPU.ActiveCfg = Debug|Any CPU
		{8F67C579-F6CA-4664-A7F8-57CD2A627F70}.Debug|Any CPU.Build.0 = Debug|Any CPU
		{8F67C579-F6CA-4664-A7F8-57CD2A627F70}.Release|Any CPU.ActiveCfg = Release|Any CPU
		{8F67C579-F6CA-4664-A7F8-57CD2A627F70}.Release|Any CPU.Build.0 = Release|Any CPU
		{AF68C817-CAF7-4089-99AD-68EC63C54243}.Debug|Any CPU.ActiveCfg = Debug|Any CPU
		{AF68C817-CAF7-4089-99AD-68EC63C54243}.Debug|Any CPU.Build.0 = Debug|Any CPU
		{AF68C817-CAF7-4089-99AD-68EC63C54243}.Release|Any CPU.ActiveCfg = Release|Any CPU
		{AF68C817-CAF7-4089-99AD-68EC63C54243}.Release|Any CPU.Build.0 = Release|Any CPU
	EndGlobalSection
	GlobalSection(SolutionProperties) = preSolution
		HideSolutionNode = FALSE
	EndGlobalSection
	GlobalSection(ExtensibilityGlobals) = postSolution
		SolutionGuid = {2994411E-2B2C-48DF-BDF6-C30D7CA961B3}
	EndGlobalSection
EndGlobal
